
Microsoft Visual Studio Solution File, Format Version 12.00
# Visual Studio 15
VisualStudioVersion = 15.0.28307.1267
MinimumVisualStudioVersion = 10.0.40219.1
Project("{FAE04EC0-301F-11D3-BF4B-00C04F79EFBC}") = "StoreFront", "StoreFront\StoreFront.csproj", "{1DE0D80F-B61A-49F0-B1A5-68605196F8E2}"
EndProject
Global
	GlobalSection(SolutionConfigurationPlatforms) = preSolution
		Debug|Any CPU = Debug|Any CPU
		Release|Any CPU = Release|Any CPU
	EndGlobalSection
	GlobalSection(ProjectConfigurationPlatforms) = postSolution
		{1DE0D80F-B61A-49F0-B1A5-68605196F8E2}.Debug|Any CPU.ActiveCfg = Debug|Any CPU
		{1DE0D80F-B61A-49F0-B1A5-68605196F8E2}.Debug|Any CPU.Build.0 = Debug|Any CPU
		{1DE0D80F-B61A-49F0-B1A5-68605196F8E2}.Release|Any CPU.ActiveCfg = Release|Any CPU
		{1DE0D80F-B61A-49F0-B1A5-68605196F8E2}.Release|Any CPU.Build.0 = Release|Any CPU
	EndGlobalSection
	GlobalSection(SolutionProperties) = preSolution
		HideSolutionNode = FALSE
	EndGlobalSection
	GlobalSection(ExtensibilityGlobals) = postSolution
		SolutionGuid = {C96A6AC0-1357-40AF-85BC-BBDD84EEE4EF}
	EndGlobalSection
EndGlobal
