
Microsoft Visual Studio Solution File, Format Version 12.00
# Visual Studio 15
VisualStudioVersion = 15.0.28307.1267
MinimumVisualStudioVersion = 10.0.40219.1
Project("{FAE04EC0-301F-11D3-BF4B-00C04F79EFBC}") = "PersonalSiteMVC", "PersonalSiteMVC\PersonalSiteMVC.csproj", "{535584BE-1873-461E-8878-57A7E3A0DBA9}"
EndProject
Global
	GlobalSection(SolutionConfigurationPlatforms) = preSolution
		Debug|Any CPU = Debug|Any CPU
		Release|Any CPU = Release|Any CPU
	EndGlobalSection
	GlobalSection(ProjectConfigurationPlatforms) = postSolution
		{535584BE-1873-461E-8878-57A7E3A0DBA9}.Debug|Any CPU.ActiveCfg = Debug|Any CPU
		{535584BE-1873-461E-8878-57A7E3A0DBA9}.Debug|Any CPU.Build.0 = Debug|Any CPU
		{535584BE-1873-461E-8878-57A7E3A0DBA9}.Release|Any CPU.ActiveCfg = Release|Any CPU
		{535584BE-1873-461E-8878-57A7E3A0DBA9}.Release|Any CPU.Build.0 = Release|Any CPU
	EndGlobalSection
	GlobalSection(SolutionProperties) = preSolution
		HideSolutionNode = FALSE
	EndGlobalSection
	GlobalSection(ExtensibilityGlobals) = postSolution
		SolutionGuid = {14FF8C0E-9DA5-44CC-8FEE-98ABA7A8F1A1}
	EndGlobalSection
EndGlobal
