
Microsoft Visual Studio Solution File, Format Version 12.00
# Visual Studio 15
VisualStudioVersion = 15.0.28307.1267
MinimumVisualStudioVersion = 10.0.40219.1
Project("{FAE04EC0-301F-11D3-BF4B-00C04F79EFBC}") = "IntroToMVC.UI.MVC", "IntroToMVC.UI.MVC\IntroToMVC.UI.MVC.csproj", "{01D03F4B-5ED7-431F-B83D-175B82BBB3DE}"
EndProject
Project("{FAE04EC0-301F-11D3-BF4B-00C04F79EFBC}") = "IntroToMVC.DATA.DOMAIN", "IntroToMVC.DATA.DOMAIN\IntroToMVC.DATA.DOMAIN.csproj", "{EBACFBFD-19B9-4BB8-9409-D3136430A87F}"
EndProject
Project("{FAE04EC0-301F-11D3-BF4B-00C04F79EFBC}") = "IntroToMVC.DATA.ADO", "IntroToMVC.DATA.ADO\IntroToMVC.DATA.ADO.csproj", "{E58A4FE4-A10F-4A18-8E10-80A0AF6A16F8}"
EndProject
Global
	GlobalSection(SolutionConfigurationPlatforms) = preSolution
		Debug|Any CPU = Debug|Any CPU
		Release|Any CPU = Release|Any CPU
	EndGlobalSection
	GlobalSection(ProjectConfigurationPlatforms) = postSolution
		{01D03F4B-5ED7-431F-B83D-175B82BBB3DE}.Debug|Any CPU.ActiveCfg = Debug|Any CPU
		{01D03F4B-5ED7-431F-B83D-175B82BBB3DE}.Debug|Any CPU.Build.0 = Debug|Any CPU
		{01D03F4B-5ED7-431F-B83D-175B82BBB3DE}.Release|Any CPU.ActiveCfg = Release|Any CPU
		{01D03F4B-5ED7-431F-B83D-175B82BBB3DE}.Release|Any CPU.Build.0 = Release|Any CPU
		{EBACFBFD-19B9-4BB8-9409-D3136430A87F}.Debug|Any CPU.ActiveCfg = Debug|Any CPU
		{EBACFBFD-19B9-4BB8-9409-D3136430A87F}.Debug|Any CPU.Build.0 = Debug|Any CPU
		{EBACFBFD-19B9-4BB8-9409-D3136430A87F}.Release|Any CPU.ActiveCfg = Release|Any CPU
		{EBACFBFD-19B9-4BB8-9409-D3136430A87F}.Release|Any CPU.Build.0 = Release|Any CPU
		{E58A4FE4-A10F-4A18-8E10-80A0AF6A16F8}.Debug|Any CPU.ActiveCfg = Debug|Any CPU
		{E58A4FE4-A10F-4A18-8E10-80A0AF6A16F8}.Debug|Any CPU.Build.0 = Debug|Any CPU
		{E58A4FE4-A10F-4A18-8E10-80A0AF6A16F8}.Release|Any CPU.ActiveCfg = Release|Any CPU
		{E58A4FE4-A10F-4A18-8E10-80A0AF6A16F8}.Release|Any CPU.Build.0 = Release|Any CPU
	EndGlobalSection
	GlobalSection(SolutionProperties) = preSolution
		HideSolutionNode = FALSE
	EndGlobalSection
	GlobalSection(ExtensibilityGlobals) = postSolution
		SolutionGuid = {330904C4-309F-4BC8-9AB6-45D3EF34F49E}
	EndGlobalSection
EndGlobal
