
Microsoft Visual Studio Solution File, Format Version 12.00
# Visual Studio 15
VisualStudioVersion = 15.0.28307.1267
MinimumVisualStudioVersion = 10.0.40219.1
Project("{FAE04EC0-301F-11D3-BF4B-00C04F79EFBC}") = "MVCTemplateConversion.UI", "MVCTemplateConversion.UI\MVCTemplateConversion.UI.csproj", "{DA1C088D-DAD0-4D8B-B72E-F2D2050A89AB}"
EndProject
Global
	GlobalSection(SolutionConfigurationPlatforms) = preSolution
		Debug|Any CPU = Debug|Any CPU
		Release|Any CPU = Release|Any CPU
	EndGlobalSection
	GlobalSection(ProjectConfigurationPlatforms) = postSolution
		{DA1C088D-DAD0-4D8B-B72E-F2D2050A89AB}.Debug|Any CPU.ActiveCfg = Debug|Any CPU
		{DA1C088D-DAD0-4D8B-B72E-F2D2050A89AB}.Debug|Any CPU.Build.0 = Debug|Any CPU
		{DA1C088D-DAD0-4D8B-B72E-F2D2050A89AB}.Release|Any CPU.ActiveCfg = Release|Any CPU
		{DA1C088D-DAD0-4D8B-B72E-F2D2050A89AB}.Release|Any CPU.Build.0 = Release|Any CPU
	EndGlobalSection
	GlobalSection(SolutionProperties) = preSolution
		HideSolutionNode = FALSE
	EndGlobalSection
	GlobalSection(ExtensibilityGlobals) = postSolution
		SolutionGuid = {D9803AD1-A18E-459F-841F-9E4BB0075F95}
	EndGlobalSection
EndGlobal
